
Microsoft Visual Studio Solution File, Format Version 12.00
# Visual Studio 15
VisualStudioVersion = 15.0.26730.3
MinimumVisualStudioVersion = 10.0.40219.1
Project("{9A19103F-16F7-4668-BE54-9A1E7A4F7556}") = "IOCPNet", "IOCPNet\IOCPNet.csproj", "{D470FB49-2D5A-4B2C-83D6-0596859B33EC}"
EndProject
Project("{2150E333-8FDC-42A3-9474-1A3956D46DE8}") = "Docs", "Docs", "{9A94E3B8-510F-4D94-A8D7-39008732CA7C}"
	ProjectSection(SolutionItems) = preProject
		LICENSE = LICENSE
		README.md = README.md
	EndProjectSection
EndProject
Project("{9A19103F-16F7-4668-BE54-9A1E7A4F7556}") = "IOCPNet.ProtocolInterface", "IOCPNet.ProtocolInterface\IOCPNet.ProtocolInterface.csproj", "{FE9B322A-5375-4E98-B279-8117731E6D52}"
EndProject
Project("{FAE04EC0-301F-11D3-BF4B-00C04F79EFBC}") = "IOCPNet.WinTestTool", "IOCPNet.WinTestTool\IOCPNet.WinTestTool.csproj", "{CB7F6035-0163-4CE5-84DC-4C95B45FD9F7}"
EndProject
Project("{FAE04EC0-301F-11D3-BF4B-00C04F79EFBC}") = "IOCPNet.UnitTest", "IOCPNet.UnitTest\IOCPNet.UnitTest.csproj", "{004434BE-26A6-4F56-AA8D-B5B822B7CAED}"
EndProject
Global
	GlobalSection(SolutionConfigurationPlatforms) = preSolution
		Debug|Any CPU = Debug|Any CPU
		Release|Any CPU = Release|Any CPU
	EndGlobalSection
	GlobalSection(ProjectConfigurationPlatforms) = postSolution
		{D470FB49-2D5A-4B2C-83D6-0596859B33EC}.Debug|Any CPU.ActiveCfg = Debug|Any CPU
		{D470FB49-2D5A-4B2C-83D6-0596859B33EC}.Debug|Any CPU.Build.0 = Debug|Any CPU
		{D470FB49-2D5A-4B2C-83D6-0596859B33EC}.Release|Any CPU.ActiveCfg = Release|Any CPU
		{D470FB49-2D5A-4B2C-83D6-0596859B33EC}.Release|Any CPU.Build.0 = Release|Any CPU
		{FE9B322A-5375-4E98-B279-8117731E6D52}.Debug|Any CPU.ActiveCfg = Debug|Any CPU
		{FE9B322A-5375-4E98-B279-8117731E6D52}.Debug|Any CPU.Build.0 = Debug|Any CPU
		{FE9B322A-5375-4E98-B279-8117731E6D52}.Release|Any CPU.ActiveCfg = Release|Any CPU
		{FE9B322A-5375-4E98-B279-8117731E6D52}.Release|Any CPU.Build.0 = Release|Any CPU
		{CB7F6035-0163-4CE5-84DC-4C95B45FD9F7}.Debug|Any CPU.ActiveCfg = Debug|Any CPU
		{CB7F6035-0163-4CE5-84DC-4C95B45FD9F7}.Debug|Any CPU.Build.0 = Debug|Any CPU
		{CB7F6035-0163-4CE5-84DC-4C95B45FD9F7}.Release|Any CPU.ActiveCfg = Release|Any CPU
		{CB7F6035-0163-4CE5-84DC-4C95B45FD9F7}.Release|Any CPU.Build.0 = Release|Any CPU
		{004434BE-26A6-4F56-AA8D-B5B822B7CAED}.Debug|Any CPU.ActiveCfg = Debug|Any CPU
		{004434BE-26A6-4F56-AA8D-B5B822B7CAED}.Debug|Any CPU.Build.0 = Debug|Any CPU
		{004434BE-26A6-4F56-AA8D-B5B822B7CAED}.Release|Any CPU.ActiveCfg = Release|Any CPU
		{004434BE-26A6-4F56-AA8D-B5B822B7CAED}.Release|Any CPU.Build.0 = Release|Any CPU
	EndGlobalSection
	GlobalSection(SolutionProperties) = preSolution
		HideSolutionNode = FALSE
	EndGlobalSection
	GlobalSection(ExtensibilityGlobals) = postSolution
		SolutionGuid = {11C95E63-6D73-4034-88AC-C8B1E8C0C23C}
	EndGlobalSection
EndGlobal
